
Microsoft Visual Studio Solution File, Format Version 12.00
# Visual Studio Version 17
VisualStudioVersion = 17.14.36811.4
MinimumVisualStudioVersion = 10.0.40219.1
Project("{FAE04EC0-301F-11D3-BF4B-00C04F79EFBC}") = "ecommerce", "ecommerce\ecommerce.csproj", "{87221546-3315-4FEE-906D-A15DBF940F2B}"
EndProject
Project("{FAE04EC0-301F-11D3-BF4B-00C04F79EFBC}") = "ecommerce.Tests", "ecommerce.Tests\ecommerce.Tests.csproj", "{8D337FC7-058E-45C0-A6C6-75380B0FA1BF}"
EndProject
Global
	GlobalSection(SolutionConfigurationPlatforms) = preSolution
		Debug|Any CPU = Debug|Any CPU
		Debug|x64 = Debug|x64
		Debug|x86 = Debug|x86
		Release|Any CPU = Release|Any CPU
		Release|x64 = Release|x64
		Release|x86 = Release|x86
	EndGlobalSection
	GlobalSection(ProjectConfigurationPlatforms) = postSolution
		{87221546-3315-4FEE-906D-A15DBF940F2B}.Debug|Any CPU.ActiveCfg = Debug|Any CPU
		{87221546-3315-4FEE-906D-A15DBF940F2B}.Debug|Any CPU.Build.0 = Debug|Any CPU
		{87221546-3315-4FEE-906D-A15DBF940F2B}.Debug|x64.ActiveCfg = Debug|Any CPU
		{87221546-3315-4FEE-906D-A15DBF940F2B}.Debug|x64.Build.0 = Debug|Any CPU
		{87221546-3315-4FEE-906D-A15DBF940F2B}.Debug|x86.ActiveCfg = Debug|Any CPU
		{87221546-3315-4FEE-906D-A15DBF940F2B}.Debug|x86.Build.0 = Debug|Any CPU
		{87221546-3315-4FEE-906D-A15DBF940F2B}.Release|Any CPU.ActiveCfg = Release|Any CPU
		{87221546-3315-4FEE-906D-A15DBF940F2B}.Release|Any CPU.Build.0 = Release|Any CPU
		{87221546-3315-4FEE-906D-A15DBF940F2B}.Release|x64.ActiveCfg = Release|Any CPU
		{87221546-3315-4FEE-906D-A15DBF940F2B}.Release|x64.Build.0 = Release|Any CPU
		{87221546-3315-4FEE-906D-A15DBF940F2B}.Release|x86.ActiveCfg = Release|Any CPU
		{87221546-3315-4FEE-906D-A15DBF940F2B}.Release|x86.Build.0 = Release|Any CPU
		{8D337FC7-058E-45C0-A6C6-75380B0FA1BF}.Debug|Any CPU.ActiveCfg = Debug|Any CPU
		{8D337FC7-058E-45C0-A6C6-75380B0FA1BF}.Debug|Any CPU.Build.0 = Debug|Any CPU
		{8D337FC7-058E-45C0-A6C6-75380B0FA1BF}.Debug|x64.ActiveCfg = Debug|Any CPU
		{8D337FC7-058E-45C0-A6C6-75380B0FA1BF}.Debug|x64.Build.0 = Debug|Any CPU
		{8D337FC7-058E-45C0-A6C6-75380B0FA1BF}.Debug|x86.ActiveCfg = Debug|Any CPU
		{8D337FC7-058E-45C0-A6C6-75380B0FA1BF}.Debug|x86.Build.0 = Debug|Any CPU
		{8D337FC7-058E-45C0-A6C6-75380B0FA1BF}.Release|Any CPU.ActiveCfg = Release|Any CPU
		{8D337FC7-058E-45C0-A6C6-75380B0FA1BF}.Release|Any CPU.Build.0 = Release|Any CPU
		{8D337FC7-058E-45C0-A6C6-75380B0FA1BF}.Release|x64.ActiveCfg = Release|Any CPU
		{8D337FC7-058E-45C0-A6C6-75380B0FA1BF}.Release|x64.Build.0 = Release|Any CPU
		{8D337FC7-058E-45C0-A6C6-75380B0FA1BF}.Release|x86.ActiveCfg = Release|Any CPU
		{8D337FC7-058E-45C0-A6C6-75380B0FA1BF}.Release|x86.Build.0 = Release|Any CPU
	EndGlobalSection
	GlobalSection(SolutionProperties) = preSolution
		HideSolutionNode = FALSE
	EndGlobalSection
	GlobalSection(ExtensibilityGlobals) = postSolution
		SolutionGuid = {CDFD7504-FA9D-478A-AFC6-AB8E40454802}
	EndGlobalSection
EndGlobal
